{
  "requires": true,
  "lockfileVersion": 1,
  "dependencies": {
    "react-fade-in": {
      "version": "0.1.8",
      "resolved": "https://registry.npmjs.org/react-fade-in/-/react-fade-in-0.1.8.tgz",
      "integrity": "sha512-kHQ3gez6Cplh0KsZq0YAaYGaF3tEePMT/jxe8DDPiFAtJCrSe9K62WC3ODTza2RYH+OcNL/equmCKdqw+ype8g=="
    }
  }
}
